
Microsoft Visual Studio Solution File, Format Version 12.00
# Visual Studio Version 17
VisualStudioVersion = 17.4.33122.133
MinimumVisualStudioVersion = 10.0.40219.1
Project("{FAE04EC0-301F-11D3-BF4B-00C04F79EFBC}") = "LeaveManagementWeb", "LeaveManagementWeb\LeaveManagementWeb.csproj", "{788E9B7F-650D-437F-BAC7-D2DDA7B5D072}"
EndProject
Global
	GlobalSection(SolutionConfigurationPlatforms) = preSolution
		Debug|Any CPU = Debug|Any CPU
		Release|Any CPU = Release|Any CPU
	EndGlobalSection
	GlobalSection(ProjectConfigurationPlatforms) = postSolution
		{788E9B7F-650D-437F-BAC7-D2DDA7B5D072}.Debug|Any CPU.ActiveCfg = Debug|Any CPU
		{788E9B7F-650D-437F-BAC7-D2DDA7B5D072}.Debug|Any CPU.Build.0 = Debug|Any CPU
		{788E9B7F-650D-437F-BAC7-D2DDA7B5D072}.Release|Any CPU.ActiveCfg = Release|Any CPU
		{788E9B7F-650D-437F-BAC7-D2DDA7B5D072}.Release|Any CPU.Build.0 = Release|Any CPU
	EndGlobalSection
	GlobalSection(SolutionProperties) = preSolution
		HideSolutionNode = FALSE
	EndGlobalSection
	GlobalSection(ExtensibilityGlobals) = postSolution
		SolutionGuid = {8290C8DC-FFDC-40D1-97B3-6DE889B7B2FA}
	EndGlobalSection
EndGlobal
